lockfileVersion: '9.0'

settings:
  autoInstallPeers: true
  excludeLinksFromLockfile: false

importers:

  .:
    dependencies:
      npm-name:
        specifier: ^8.1.0
        version: 8.1.0

packages:

  '@pnpm/config.env-replace@1.1.0':
    resolution: {integrity: sha512-htyl8TWnKL7K/ESFa1oW2UB5lVDxuF5DpM7tBi6Hu2LNL3mWkIzNLG6N4zoCUP1lCKNxWy/3iu8mS8MvToGd6w==}
    engines: {node: '>=12.22.0'}

  '@pnpm/network.ca-file@1.0.2':
    resolution: {integrity: sha512-YcPQ8a0jwYU9bTdJDpXjMi7Brhkr1mXsXrUJvjqM2mQDgkRiz8jFaQGOdaLxgjtUfQgZhKy/O3cG/YwmgKaxLA==}
    engines: {node: '>=12.22.0'}

  '@pnpm/npm-conf@3.0.2':
    resolution: {integrity: sha512-h104Kh26rR8tm+a3Qkc5S4VLYint3FE48as7+/5oCEcKR2idC/pF1G6AhIXKI+eHPJa/3J9i5z0Al47IeGHPkA==}
    engines: {node: '>=12'}

  config-chain@1.1.13:
    resolution: {integrity: sha512-qj+f8APARXHrM0hraqXYb2/bOVSV4PvJQlNZ/DVj0QrmNM2q2euizkeuVckQ57J+W0mRH6Hvi+k50M4Jul2VRQ==}

  deep-extend@0.6.0:
    resolution: {integrity: sha512-LOHxIOaPYdHlJRtCQfDIVZtfw/ufM8+rVj649RIHzcm/vGwQRXFt6OPqIFWsm2XEMrNIEtWR64sY1LEKD2vAOA==}
    engines: {node: '>=4.0.0'}

  graceful-fs@4.2.10:
    resolution: {integrity: sha512-9ByhssR2fPVsNZj478qUUbKfmL0+t5BDVyjShtyZZLiK7ZDAArFFfopyOTj0M05wE2tJPisA4iTnnXl2YoPvOA==}

  ini@1.3.8:
    resolution: {integrity: sha512-JV/yugV2uzW5iMRSiZAyDtQd+nxtUnjeLt0acNdw98kKLrvuRVyB80tsREOE7yvGVgalhZ6RNXCmEHkUKBKxew==}

  is-scoped@3.0.0:
    resolution: {integrity: sha512-ezxLUq30kiTvP0w/5n9tj4qTOKlrA07Oty1hwTQ+lcqw11x6uc8sp7VRb2OVGRzKfCHZ2A22T5Zsau/Q2Akb0g==}
    engines: {node: '>=12'}

  is-url-superb@6.1.0:
    resolution: {integrity: sha512-LXdhGlYqUPdvEyIhWPEEwYYK3yrUiPcBjmFGlZNv1u5GtIL5qQRf7ddDyPNAvsMFqdzS923FROpTQU97tLe3JQ==}
    engines: {node: '>=12'}

  ky@1.14.3:
    resolution: {integrity: sha512-9zy9lkjac+TR1c2tG+mkNSVlyOpInnWdSMiue4F+kq8TwJSgv6o8jhLRg8Ho6SnZ9wOYUq/yozts9qQCfk7bIw==}
    engines: {node: '>=18'}

  lodash.zip@4.2.0:
    resolution: {integrity: sha512-C7IOaBBK/0gMORRBd8OETNx3kmOkgIWIPvyDpZSCTwUrpYmgZwJkjZeOD8ww4xbOUOs4/attY+pciKvadNfFbg==}

  minimist@1.2.8:
    resolution: {integrity: sha512-2yyAR8qBkN3YuheJanUpWC5U3bb5osDywNB8RzDVlDwDHbocAJveqqj1u8+SVD7jkWT4yvsHCpWqqWqAxb0zCA==}

  npm-name@8.1.0:
    resolution: {integrity: sha512-0Fji7beCAW3yHaqfVPLlT8GOSt7IIWZGQshZqosjbUOhMvs7P4r7g0raOSQIUjKBJO7brLBdXsnX2/l/l5vmUw==}
    engines: {node: '>=18'}

  org-regex@1.0.0:
    resolution: {integrity: sha512-7bqkxkEJwzJQUAlyYniqEZ3Ilzjh0yoa62c7gL6Ijxj5bEpPL+8IE1Z0PFj0ywjjXQcdrwR51g9MIcLezR0hKQ==}
    engines: {node: '>=8'}

  p-map@7.0.4:
    resolution: {integrity: sha512-tkAQEw8ysMzmkhgw8k+1U/iPhWNhykKnSk4Rd5zLoPJCuJaGRPo6YposrZgaxHKzDHdDWWZvE/Sk7hsL2X/CpQ==}
    engines: {node: '>=18'}

  proto-list@1.2.4:
    resolution: {integrity: sha512-vtK/94akxsTMhe0/cbfpR+syPuszcuwhqVjJq26CuNDgFGj682oRBXOP5MJpv2r7JtE8MsiepGIqvvOTBwn2vA==}

  rc@1.2.8:
    resolution: {integrity: sha512-y3bGgqKj3QBdxLbLkomlohkvsA8gdAiUQlSBJnBhfn+BPxg4bc62d8TcBW15wavDfgexCgccckhcZvywyQYPOw==}
    hasBin: true

  registry-auth-token@5.1.1:
    resolution: {integrity: sha512-P7B4+jq8DeD2nMsAcdfaqHbssgHtZ7Z5+++a5ask90fvmJ8p5je4mOa+wzu+DB4vQ5tdJV/xywY+UnVFeQLV5Q==}
    engines: {node: '>=14'}

  registry-url@6.0.1:
    resolution: {integrity: sha512-+crtS5QjFRqFCoQmvGduwYWEBng99ZvmFvF+cUJkGYF1L1BfU8C6Zp9T7f5vPAwyLkUExpvK+ANVZmGU49qi4Q==}
    engines: {node: '>=12'}

  scoped-regex@3.0.0:
    resolution: {integrity: sha512-yEsN6TuxZhZ1Tl9iB81frTNS292m0I/IG7+w8lTvfcJQP2x3vnpOoevjBoE3Np5A6KnZM2+RtVenihj9t6NiYg==}
    engines: {node: '>=12'}

  strip-json-comments@2.0.1:
    resolution: {integrity: sha512-4gB8na07fecVVkOI6Rs4e7T6NOTki5EmL7TUduTs6bu3EdnSycntVJ4re8kgZA+wx9IueI2Y11bfbgwtzuE0KQ==}
    engines: {node: '>=0.10.0'}

  validate-npm-package-name@5.0.1:
    resolution: {integrity: sha512-OljLrQ9SQdOUqTaQxqL5dEfZWrXExyyWsozYlAWFawPVNuD83igl7uJD2RTkNMbniIYgt8l81eCJGIdQF7avLQ==}
    engines: {node: ^14.17.0 || ^16.13.0 || >=18.0.0}

snapshots:

  '@pnpm/config.env-replace@1.1.0': {}

  '@pnpm/network.ca-file@1.0.2':
    dependencies:
      graceful-fs: 4.2.10

  '@pnpm/npm-conf@3.0.2':
    dependencies:
      '@pnpm/config.env-replace': 1.1.0
      '@pnpm/network.ca-file': 1.0.2
      config-chain: 1.1.13

  config-chain@1.1.13:
    dependencies:
      ini: 1.3.8
      proto-list: 1.2.4

  deep-extend@0.6.0: {}

  graceful-fs@4.2.10: {}

  ini@1.3.8: {}

  is-scoped@3.0.0:
    dependencies:
      scoped-regex: 3.0.0

  is-url-superb@6.1.0: {}

  ky@1.14.3: {}

  lodash.zip@4.2.0: {}

  minimist@1.2.8: {}

  npm-name@8.1.0:
    dependencies:
      is-scoped: 3.0.0
      is-url-superb: 6.1.0
      ky: 1.14.3
      lodash.zip: 4.2.0
      org-regex: 1.0.0
      p-map: 7.0.4
      registry-auth-token: 5.1.1
      registry-url: 6.0.1
      validate-npm-package-name: 5.0.1

  org-regex@1.0.0: {}

  p-map@7.0.4: {}

  proto-list@1.2.4: {}

  rc@1.2.8:
    dependencies:
      deep-extend: 0.6.0
      ini: 1.3.8
      minimist: 1.2.8
      strip-json-comments: 2.0.1

  registry-auth-token@5.1.1:
    dependencies:
      '@pnpm/npm-conf': 3.0.2

  registry-url@6.0.1:
    dependencies:
      rc: 1.2.8

  scoped-regex@3.0.0: {}

  strip-json-comments@2.0.1: {}

  validate-npm-package-name@5.0.1: {}
